
Microsoft Visual Studio Solution File, Format Version 12.00
# Visual Studio 14
VisualStudioVersion = 14.0.25420.1
MinimumVisualStudioVersion = 10.0.40219.1
Project("{FAE04EC0-301F-11D3-BF4B-00C04F79EFBC}") = "NerdBot", "NerdBot\NerdBot.csproj", "{35460AA4-B94A-4B64-9418-7243EC3D2F01}"
EndProject
Project("{FAE04EC0-301F-11D3-BF4B-00C04F79EFBC}") = "NerdBot.Tests", "NerdBot.Tests\NerdBot.Tests.csproj", "{F5F2713F-5087-44B2-8AAA-13B9C9DB1FF4}"
EndProject
Project("{FAE04EC0-301F-11D3-BF4B-00C04F79EFBC}") = "NerdBotCardImage", "NerdBotCardImage\NerdBotCardImage.csproj", "{843FB055-A272-4900-BC89-8C2013181486}"
EndProject
Project("{FAE04EC0-301F-11D3-BF4B-00C04F79EFBC}") = "NerdBotCardPrices", "NerdBotCardPrices\NerdBotCardPrices.csproj", "{71B184B0-2FD3-4B70-A8FA-572F4DB83BBF}"
EndProject
Project("{FAE04EC0-301F-11D3-BF4B-00C04F79EFBC}") = "NerdBotCoreCommands", "NerdBotCoreCommands\NerdBotCoreCommands.csproj", "{A7CC43AF-360A-46F8-8C89-22C30FAA1528}"
EndProject
Project("{FAE04EC0-301F-11D3-BF4B-00C04F79EFBC}") = "NerdBotCardImagePlugin_Tests", "NerdBotCardImagePlugin_Tests\NerdBotCardImagePlugin_Tests.csproj", "{D6A65898-1491-4F99-92EA-147100CB76E4}"
EndProject
Project("{FAE04EC0-301F-11D3-BF4B-00C04F79EFBC}") = "NerdBotCoreCommandsPlugin_Tests", "NerdBotCoreCommandsPlugin_Tests\NerdBotCoreCommandsPlugin_Tests.csproj", "{5F32D0A1-773F-4C43-B542-CA5399524679}"
EndProject
Project("{FAE04EC0-301F-11D3-BF4B-00C04F79EFBC}") = "NerdBotTappedOut", "NerdBotTappedOut\NerdBotTappedOut.csproj", "{012DA32F-A166-4BA4-88CC-05D35354D5AB}"
EndProject
Project("{FAE04EC0-301F-11D3-BF4B-00C04F79EFBC}") = "NerdBotTappedOutPlugin_Tests", "NerdBotTappedOutPlugin_Tests\NerdBotTappedOutPlugin_Tests.csproj", "{94E876C5-76D4-417C-8327-9BCED45AD40D}"
EndProject
Project("{FAE04EC0-301F-11D3-BF4B-00C04F79EFBC}") = "NerdBotUrbanDictionary", "NerdBotUrbanDictionary\NerdBotUrbanDictionary.csproj", "{AEDBBACB-CCCD-4D70-B1F5-81E3B8A46758}"
EndProject
Project("{FAE04EC0-301F-11D3-BF4B-00C04F79EFBC}") = "UrbanDictionaryPlugin_Tests", "UrbanDictionaryPlugin_Tests\UrbanDictionaryPlugin_Tests.csproj", "{6944899F-BE04-4A19-AC3F-CD6A327A1202}"
EndProject
Project("{FAE04EC0-301F-11D3-BF4B-00C04F79EFBC}") = "NerdBot_PriceUpdater", "NerdBot_PriceUpdater\NerdBot_PriceUpdater.csproj", "{BBBFDEE7-2EC4-495C-8190-0BFEFB99E12D}"
EndProject
Project("{FAE04EC0-301F-11D3-BF4B-00C04F79EFBC}") = "NerdBot_DatabaseUpdater", "NerdBot_DatabaseUpdater\NerdBot_DatabaseUpdater.csproj", "{3E730BE7-1DED-4B63-A168-2B64286A65AC}"
EndProject
Project("{FAE04EC0-301F-11D3-BF4B-00C04F79EFBC}") = "NerdBot_DatabaseUpdater_Tests", "NerdBot_DatabaseUpdater_Tests\NerdBot_DatabaseUpdater_Tests.csproj", "{01E62BE4-EF64-40CC-AA67-0DB1C343512E}"
EndProject
Project("{FAE04EC0-301F-11D3-BF4B-00C04F79EFBC}") = "NerdBotCardPricesPlugin_Tests", "NerdBotCardPricesPlugin_Tests\NerdBotCardPricesPlugin_Tests.csproj", "{A5A993B5-2153-49DB-B67C-9DDC596AAE33}"
EndProject
Project("{FAE04EC0-301F-11D3-BF4B-00C04F79EFBC}") = "NerdBotRepeatMessagePlugin", "NerdBotRepeatMessagePlugin\NerdBotRepeatMessagePlugin.csproj", "{AC2E4694-C549-4AA1-9EED-5D7675CDC21C}"
EndProject
Project("{FAE04EC0-301F-11D3-BF4B-00C04F79EFBC}") = "NerdBotWolframAlpha", "NerdBotWolframAlpha\NerdBotWolframAlpha.csproj", "{B9AD6B0D-A5B1-499C-8379-583228C49700}"
EndProject
Project("{FAE04EC0-301F-11D3-BF4B-00C04F79EFBC}") = "NerdBotGiphyPlugin", "NerdBotGiphyPlugin\NerdBotGiphyPlugin.csproj", "{DF8F97A0-AFA5-4949-9C91-DD80475C4BEF}"
EndProject
Project("{FAE04EC0-301F-11D3-BF4B-00C04F79EFBC}") = "NerdBotWhatsInStandardPlugin", "NerdBotWhatsInStandardPlugin\NerdBotWhatsInStandardPlugin.csproj", "{C2E52DE1-CD34-4AA6-A4C1-DBC8E9DBF35F}"
EndProject
Project("{FAE04EC0-301F-11D3-BF4B-00C04F79EFBC}") = "NerdBotWhatsInStandardPlugin_Tests", "NerdBotWhatsInStandardPlugin_Tests\NerdBotWhatsInStandardPlugin_Tests.csproj", "{DD7585CC-D697-4CC5-8E2B-0B263494C88B}"
EndProject
Project("{FAE04EC0-301F-11D3-BF4B-00C04F79EFBC}") = "NerdBotRedditTopCommentResponsePlugin", "NerdBotRedditTopCommentResponsePlugin\NerdBotRedditTopCommentResponsePlugin.csproj", "{1744DF3C-C9AB-47CF-A294-73182DAA9394}"
EndProject
Project("{FAE04EC0-301F-11D3-BF4B-00C04F79EFBC}") = "NerdBotRedditTopCommentResponsePlugin_Tests", "NerdBotRedditTopCommentResponsePlugin_Tests\NerdBotRedditTopCommentResponsePlugin_Tests.csproj", "{C6DA1D76-DEAD-486F-B3E4-5F3DA2480D34}"
EndProject
Project("{FAE04EC0-301F-11D3-BF4B-00C04F79EFBC}") = "NerdBot.TestsHelper", "NerdBot.TestsHelper\NerdBot.TestsHelper.csproj", "{5B10D135-CFD5-43B2-B229-1415BDDB2909}"
EndProject
Project("{FAE04EC0-301F-11D3-BF4B-00C04F79EFBC}") = "NerdBotCommon", "NerdBotCommon\NerdBotCommon.csproj", "{28D62611-0C89-4C9C-BFDA-20A52768807F}"
EndProject
Project("{FAE04EC0-301F-11D3-BF4B-00C04F79EFBC}") = "NerdBotGiphyPlugin_Tests", "NerdBotGiphyPlugin_Tests\NerdBotGiphyPlugin_Tests.csproj", "{D7F59F96-291B-49A4-81CA-650084EDDDB4}"
EndProject
Project("{FAE04EC0-301F-11D3-BF4B-00C04F79EFBC}") = "NerdBot_PriceUpdater_Tests", "NerdBot_PriceUpdater_Tests\NerdBot_PriceUpdater_Tests.csproj", "{F4EC108A-1F71-466C-A7E9-A1BEE00AD7F8}"
EndProject
Global
	GlobalSection(SolutionConfigurationPlatforms) = preSolution
		Debug|Any CPU = Debug|Any CPU
		Release|Any CPU = Release|Any CPU
	EndGlobalSection
	GlobalSection(ProjectConfigurationPlatforms) = postSolution
		{35460AA4-B94A-4B64-9418-7243EC3D2F01}.Debug|Any CPU.ActiveCfg = Debug|Any CPU
		{35460AA4-B94A-4B64-9418-7243EC3D2F01}.Debug|Any CPU.Build.0 = Debug|Any CPU
		{35460AA4-B94A-4B64-9418-7243EC3D2F01}.Release|Any CPU.ActiveCfg = Release|Any CPU
		{35460AA4-B94A-4B64-9418-7243EC3D2F01}.Release|Any CPU.Build.0 = Release|Any CPU
		{F5F2713F-5087-44B2-8AAA-13B9C9DB1FF4}.Debug|Any CPU.ActiveCfg = Debug|Any CPU
		{F5F2713F-5087-44B2-8AAA-13B9C9DB1FF4}.Debug|Any CPU.Build.0 = Debug|Any CPU
		{F5F2713F-5087-44B2-8AAA-13B9C9DB1FF4}.Release|Any CPU.ActiveCfg = Release|Any CPU
		{F5F2713F-5087-44B2-8AAA-13B9C9DB1FF4}.Release|Any CPU.Build.0 = Release|Any CPU
		{843FB055-A272-4900-BC89-8C2013181486}.Debug|Any CPU.ActiveCfg = Debug|Any CPU
		{843FB055-A272-4900-BC89-8C2013181486}.Debug|Any CPU.Build.0 = Debug|Any CPU
		{843FB055-A272-4900-BC89-8C2013181486}.Release|Any CPU.ActiveCfg = Release|Any CPU
		{843FB055-A272-4900-BC89-8C2013181486}.Release|Any CPU.Build.0 = Release|Any CPU
		{71B184B0-2FD3-4B70-A8FA-572F4DB83BBF}.Debug|Any CPU.ActiveCfg = Debug|Any CPU
		{71B184B0-2FD3-4B70-A8FA-572F4DB83BBF}.Debug|Any CPU.Build.0 = Debug|Any CPU
		{71B184B0-2FD3-4B70-A8FA-572F4DB83BBF}.Release|Any CPU.ActiveCfg = Release|Any CPU
		{71B184B0-2FD3-4B70-A8FA-572F4DB83BBF}.Release|Any CPU.Build.0 = Release|Any CPU
		{A7CC43AF-360A-46F8-8C89-22C30FAA1528}.Debug|Any CPU.ActiveCfg = Debug|Any CPU
		{A7CC43AF-360A-46F8-8C89-22C30FAA1528}.Debug|Any CPU.Build.0 = Debug|Any CPU
		{A7CC43AF-360A-46F8-8C89-22C30FAA1528}.Release|Any CPU.ActiveCfg = Release|Any CPU
		{A7CC43AF-360A-46F8-8C89-22C30FAA1528}.Release|Any CPU.Build.0 = Release|Any CPU
		{D6A65898-1491-4F99-92EA-147100CB76E4}.Debug|Any CPU.ActiveCfg = Debug|Any CPU
		{D6A65898-1491-4F99-92EA-147100CB76E4}.Debug|Any CPU.Build.0 = Debug|Any CPU
		{D6A65898-1491-4F99-92EA-147100CB76E4}.Release|Any CPU.ActiveCfg = Release|Any CPU
		{D6A65898-1491-4F99-92EA-147100CB76E4}.Release|Any CPU.Build.0 = Release|Any CPU
		{5F32D0A1-773F-4C43-B542-CA5399524679}.Debug|Any CPU.ActiveCfg = Debug|Any CPU
		{5F32D0A1-773F-4C43-B542-CA5399524679}.Debug|Any CPU.Build.0 = Debug|Any CPU
		{5F32D0A1-773F-4C43-B542-CA5399524679}.Release|Any CPU.ActiveCfg = Release|Any CPU
		{5F32D0A1-773F-4C43-B542-CA5399524679}.Release|Any CPU.Build.0 = Release|Any CPU
		{012DA32F-A166-4BA4-88CC-05D35354D5AB}.Debug|Any CPU.ActiveCfg = Debug|Any CPU
		{012DA32F-A166-4BA4-88CC-05D35354D5AB}.Debug|Any CPU.Build.0 = Debug|Any CPU
		{012DA32F-A166-4BA4-88CC-05D35354D5AB}.Release|Any CPU.ActiveCfg = Release|Any CPU
		{012DA32F-A166-4BA4-88CC-05D35354D5AB}.Release|Any CPU.Build.0 = Release|Any CPU
		{94E876C5-76D4-417C-8327-9BCED45AD40D}.Debug|Any CPU.ActiveCfg = Debug|Any CPU
		{94E876C5-76D4-417C-8327-9BCED45AD40D}.Debug|Any CPU.Build.0 = Debug|Any CPU
		{94E876C5-76D4-417C-8327-9BCED45AD40D}.Release|Any CPU.ActiveCfg = Release|Any CPU
		{94E876C5-76D4-417C-8327-9BCED45AD40D}.Release|Any CPU.Build.0 = Release|Any CPU
		{AEDBBACB-CCCD-4D70-B1F5-81E3B8A46758}.Debug|Any CPU.ActiveCfg = Debug|Any CPU
		{AEDBBACB-CCCD-4D70-B1F5-81E3B8A46758}.Debug|Any CPU.Build.0 = Debug|Any CPU
		{AEDBBACB-CCCD-4D70-B1F5-81E3B8A46758}.Release|Any CPU.ActiveCfg = Release|Any CPU
		{AEDBBACB-CCCD-4D70-B1F5-81E3B8A46758}.Release|Any CPU.Build.0 = Release|Any CPU
		{6944899F-BE04-4A19-AC3F-CD6A327A1202}.Debug|Any CPU.ActiveCfg = Debug|Any CPU
		{6944899F-BE04-4A19-AC3F-CD6A327A1202}.Debug|Any CPU.Build.0 = Debug|Any CPU
		{6944899F-BE04-4A19-AC3F-CD6A327A1202}.Release|Any CPU.ActiveCfg = Release|Any CPU
		{6944899F-BE04-4A19-AC3F-CD6A327A1202}.Release|Any CPU.Build.0 = Release|Any CPU
		{BBBFDEE7-2EC4-495C-8190-0BFEFB99E12D}.Debug|Any CPU.ActiveCfg = Debug|Any CPU
		{BBBFDEE7-2EC4-495C-8190-0BFEFB99E12D}.Debug|Any CPU.Build.0 = Debug|Any CPU
		{BBBFDEE7-2EC4-495C-8190-0BFEFB99E12D}.Release|Any CPU.ActiveCfg = Release|Any CPU
		{BBBFDEE7-2EC4-495C-8190-0BFEFB99E12D}.Release|Any CPU.Build.0 = Release|Any CPU
		{3E730BE7-1DED-4B63-A168-2B64286A65AC}.Debug|Any CPU.ActiveCfg = Debug|Any CPU
		{3E730BE7-1DED-4B63-A168-2B64286A65AC}.Debug|Any CPU.Build.0 = Debug|Any CPU
		{3E730BE7-1DED-4B63-A168-2B64286A65AC}.Release|Any CPU.ActiveCfg = Release|Any CPU
		{3E730BE7-1DED-4B63-A168-2B64286A65AC}.Release|Any CPU.Build.0 = Release|Any CPU
		{01E62BE4-EF64-40CC-AA67-0DB1C343512E}.Debug|Any CPU.ActiveCfg = Debug|Any CPU
		{01E62BE4-EF64-40CC-AA67-0DB1C343512E}.Debug|Any CPU.Build.0 = Debug|Any CPU
		{01E62BE4-EF64-40CC-AA67-0DB1C343512E}.Release|Any CPU.ActiveCfg = Release|Any CPU
		{01E62BE4-EF64-40CC-AA67-0DB1C343512E}.Release|Any CPU.Build.0 = Release|Any CPU
		{A5A993B5-2153-49DB-B67C-9DDC596AAE33}.Debug|Any CPU.ActiveCfg = Debug|Any CPU
		{A5A993B5-2153-49DB-B67C-9DDC596AAE33}.Debug|Any CPU.Build.0 = Debug|Any CPU
		{A5A993B5-2153-49DB-B67C-9DDC596AAE33}.Release|Any CPU.ActiveCfg = Release|Any CPU
		{A5A993B5-2153-49DB-B67C-9DDC596AAE33}.Release|Any CPU.Build.0 = Release|Any CPU
		{AC2E4694-C549-4AA1-9EED-5D7675CDC21C}.Debug|Any CPU.ActiveCfg = Debug|Any CPU
		{AC2E4694-C549-4AA1-9EED-5D7675CDC21C}.Debug|Any CPU.Build.0 = Debug|Any CPU
		{AC2E4694-C549-4AA1-9EED-5D7675CDC21C}.Release|Any CPU.ActiveCfg = Release|Any CPU
		{AC2E4694-C549-4AA1-9EED-5D7675CDC21C}.Release|Any CPU.Build.0 = Release|Any CPU
		{B9AD6B0D-A5B1-499C-8379-583228C49700}.Debug|Any CPU.ActiveCfg = Debug|Any CPU
		{B9AD6B0D-A5B1-499C-8379-583228C49700}.Debug|Any CPU.Build.0 = Debug|Any CPU
		{B9AD6B0D-A5B1-499C-8379-583228C49700}.Release|Any CPU.ActiveCfg = Release|Any CPU
		{B9AD6B0D-A5B1-499C-8379-583228C49700}.Release|Any CPU.Build.0 = Release|Any CPU
		{DF8F97A0-AFA5-4949-9C91-DD80475C4BEF}.Debug|Any CPU.ActiveCfg = Debug|Any CPU
		{DF8F97A0-AFA5-4949-9C91-DD80475C4BEF}.Debug|Any CPU.Build.0 = Debug|Any CPU
		{DF8F97A0-AFA5-4949-9C91-DD80475C4BEF}.Release|Any CPU.ActiveCfg = Release|Any CPU
		{DF8F97A0-AFA5-4949-9C91-DD80475C4BEF}.Release|Any CPU.Build.0 = Release|Any CPU
		{C2E52DE1-CD34-4AA6-A4C1-DBC8E9DBF35F}.Debug|Any CPU.ActiveCfg = Debug|Any CPU
		{C2E52DE1-CD34-4AA6-A4C1-DBC8E9DBF35F}.Debug|Any CPU.Build.0 = Debug|Any CPU
		{C2E52DE1-CD34-4AA6-A4C1-DBC8E9DBF35F}.Release|Any CPU.ActiveCfg = Release|Any CPU
		{C2E52DE1-CD34-4AA6-A4C1-DBC8E9DBF35F}.Release|Any CPU.Build.0 = Release|Any CPU
		{DD7585CC-D697-4CC5-8E2B-0B263494C88B}.Debug|Any CPU.ActiveCfg = Debug|Any CPU
		{DD7585CC-D697-4CC5-8E2B-0B263494C88B}.Debug|Any CPU.Build.0 = Debug|Any CPU
		{DD7585CC-D697-4CC5-8E2B-0B263494C88B}.Release|Any CPU.ActiveCfg = Release|Any CPU
		{DD7585CC-D697-4CC5-8E2B-0B263494C88B}.Release|Any CPU.Build.0 = Release|Any CPU
		{1744DF3C-C9AB-47CF-A294-73182DAA9394}.Debug|Any CPU.ActiveCfg = Debug|Any CPU
		{1744DF3C-C9AB-47CF-A294-73182DAA9394}.Debug|Any CPU.Build.0 = Debug|Any CPU
		{1744DF3C-C9AB-47CF-A294-73182DAA9394}.Release|Any CPU.ActiveCfg = Release|Any CPU
		{1744DF3C-C9AB-47CF-A294-73182DAA9394}.Release|Any CPU.Build.0 = Release|Any CPU
		{C6DA1D76-DEAD-486F-B3E4-5F3DA2480D34}.Debug|Any CPU.ActiveCfg = Debug|Any CPU
		{C6DA1D76-DEAD-486F-B3E4-5F3DA2480D34}.Debug|Any CPU.Build.0 = Debug|Any CPU
		{C6DA1D76-DEAD-486F-B3E4-5F3DA2480D34}.Release|Any CPU.ActiveCfg = Release|Any CPU
		{C6DA1D76-DEAD-486F-B3E4-5F3DA2480D34}.Release|Any CPU.Build.0 = Release|Any CPU
		{5B10D135-CFD5-43B2-B229-1415BDDB2909}.Debug|Any CPU.ActiveCfg = Debug|Any CPU
		{5B10D135-CFD5-43B2-B229-1415BDDB2909}.Debug|Any CPU.Build.0 = Debug|Any CPU
		{5B10D135-CFD5-43B2-B229-1415BDDB2909}.Release|Any CPU.ActiveCfg = Release|Any CPU
		{5B10D135-CFD5-43B2-B229-1415BDDB2909}.Release|Any CPU.Build.0 = Release|Any CPU
		{28D62611-0C89-4C9C-BFDA-20A52768807F}.Debug|Any CPU.ActiveCfg = Debug|Any CPU
		{28D62611-0C89-4C9C-BFDA-20A52768807F}.Debug|Any CPU.Build.0 = Debug|Any CPU
		{28D62611-0C89-4C9C-BFDA-20A52768807F}.Release|Any CPU.ActiveCfg = Release|Any CPU
		{28D62611-0C89-4C9C-BFDA-20A52768807F}.Release|Any CPU.Build.0 = Release|Any CPU
		{D7F59F96-291B-49A4-81CA-650084EDDDB4}.Debug|Any CPU.ActiveCfg = Debug|Any CPU
		{D7F59F96-291B-49A4-81CA-650084EDDDB4}.Debug|Any CPU.Build.0 = Debug|Any CPU
		{D7F59F96-291B-49A4-81CA-650084EDDDB4}.Release|Any CPU.ActiveCfg = Release|Any CPU
		{D7F59F96-291B-49A4-81CA-650084EDDDB4}.Release|Any CPU.Build.0 = Release|Any CPU
		{F4EC108A-1F71-466C-A7E9-A1BEE00AD7F8}.Debug|Any CPU.ActiveCfg = Debug|Any CPU
		{F4EC108A-1F71-466C-A7E9-A1BEE00AD7F8}.Debug|Any CPU.Build.0 = Debug|Any CPU
		{F4EC108A-1F71-466C-A7E9-A1BEE00AD7F8}.Release|Any CPU.ActiveCfg = Release|Any CPU
		{F4EC108A-1F71-466C-A7E9-A1BEE00AD7F8}.Release|Any CPU.Build.0 = Release|Any CPU
	EndGlobalSection
	GlobalSection(SolutionProperties) = preSolution
		HideSolutionNode = FALSE
	EndGlobalSection
EndGlobal
