
Microsoft Visual Studio Solution File, Format Version 12.00
# Visual Studio 2012
Project("{FAE04EC0-301F-11D3-BF4B-00C04F79EFBC}") = "NerdBot", "NerdBot\NerdBot.csproj", "{35460AA4-B94A-4B64-9418-7243EC3D2F01}"
EndProject
Project("{FAE04EC0-301F-11D3-BF4B-00C04F79EFBC}") = "NerdBot.Tests", "NerdBot.Tests\NerdBot.Tests.csproj", "{F5F2713F-5087-44B2-8AAA-13B9C9DB1FF4}"
EndProject
Project("{FAE04EC0-301F-11D3-BF4B-00C04F79EFBC}") = "NerdBotCardImage", "NerdBotCardImage\NerdBotCardImage.csproj", "{843FB055-A272-4900-BC89-8C2013181486}"
EndProject
Global
	GlobalSection(SolutionConfigurationPlatforms) = preSolution
		Debug|Any CPU = Debug|Any CPU
		Release|Any CPU = Release|Any CPU
	EndGlobalSection
	GlobalSection(ProjectConfigurationPlatforms) = postSolution
		{35460AA4-B94A-4B64-9418-7243EC3D2F01}.Debug|Any CPU.ActiveCfg = Debug|Any CPU
		{35460AA4-B94A-4B64-9418-7243EC3D2F01}.Debug|Any CPU.Build.0 = Debug|Any CPU
		{35460AA4-B94A-4B64-9418-7243EC3D2F01}.Release|Any CPU.ActiveCfg = Release|Any CPU
		{35460AA4-B94A-4B64-9418-7243EC3D2F01}.Release|Any CPU.Build.0 = Release|Any CPU
		{F5F2713F-5087-44B2-8AAA-13B9C9DB1FF4}.Debug|Any CPU.ActiveCfg = Debug|Any CPU
		{F5F2713F-5087-44B2-8AAA-13B9C9DB1FF4}.Debug|Any CPU.Build.0 = Debug|Any CPU
		{F5F2713F-5087-44B2-8AAA-13B9C9DB1FF4}.Release|Any CPU.ActiveCfg = Release|Any CPU
		{F5F2713F-5087-44B2-8AAA-13B9C9DB1FF4}.Release|Any CPU.Build.0 = Release|Any CPU
		{843FB055-A272-4900-BC89-8C2013181486}.Debug|Any CPU.ActiveCfg = Debug|Any CPU
		{843FB055-A272-4900-BC89-8C2013181486}.Debug|Any CPU.Build.0 = Debug|Any CPU
		{843FB055-A272-4900-BC89-8C2013181486}.Release|Any CPU.ActiveCfg = Release|Any CPU
		{843FB055-A272-4900-BC89-8C2013181486}.Release|Any CPU.Build.0 = Release|Any CPU
	EndGlobalSection
	GlobalSection(SolutionProperties) = preSolution
		HideSolutionNode = FALSE
	EndGlobalSection
EndGlobal
