
Microsoft Visual Studio Solution File, Format Version 12.00
# Visual Studio 2012
Project("{FAE04EC0-301F-11D3-BF4B-00C04F79EFBC}") = "NerdBot", "NerdBot\NerdBot.csproj", "{35460AA4-B94A-4B64-9418-7243EC3D2F01}"
EndProject
Project("{FAE04EC0-301F-11D3-BF4B-00C04F79EFBC}") = "NerdBot.Tests", "NerdBot.Tests\NerdBot.Tests.csproj", "{F5F2713F-5087-44B2-8AAA-13B9C9DB1FF4}"
EndProject
Project("{FAE04EC0-301F-11D3-BF4B-00C04F79EFBC}") = "NerdBotCardImage", "NerdBotCardImage\NerdBotCardImage.csproj", "{843FB055-A272-4900-BC89-8C2013181486}"
EndProject
Project("{FAE04EC0-301F-11D3-BF4B-00C04F79EFBC}") = "NerdBotCardPrices", "NerdBotCardPrices\NerdBotCardPrices.csproj", "{71B184B0-2FD3-4B70-A8FA-572F4DB83BBF}"
EndProject
Project("{FAE04EC0-301F-11D3-BF4B-00C04F79EFBC}") = "NerdBotCoreCommands", "NerdBotCoreCommands\NerdBotCoreCommands.csproj", "{A7CC43AF-360A-46F8-8C89-22C30FAA1528}"
EndProject
Project("{FAE04EC0-301F-11D3-BF4B-00C04F79EFBC}") = "NerdBotCardImagePlugin_Tests", "NerdBotCardImagePlugin_Tests\NerdBotCardImagePlugin_Tests.csproj", "{D6A65898-1491-4F99-92EA-147100CB76E4}"
EndProject
Project("{FAE04EC0-301F-11D3-BF4B-00C04F79EFBC}") = "NerdBotCoreCommandsPlugin_Tests", "NerdBotCoreCommandsPlugin_Tests\NerdBotCoreCommandsPlugin_Tests.csproj", "{5F32D0A1-773F-4C43-B542-CA5399524679}"
EndProject
Project("{FAE04EC0-301F-11D3-BF4B-00C04F79EFBC}") = "NerdBotTappedOut", "NerdBotTappedOut\NerdBotTappedOut.csproj", "{012DA32F-A166-4BA4-88CC-05D35354D5AB}"
EndProject
Project("{FAE04EC0-301F-11D3-BF4B-00C04F79EFBC}") = "NerdBotTappedOutPlugin_Tests", "NerdBotTappedOutPlugin_Tests\NerdBotTappedOutPlugin_Tests.csproj", "{94E876C5-76D4-417C-8327-9BCED45AD40D}"
EndProject
Global
	GlobalSection(SolutionConfigurationPlatforms) = preSolution
		Debug|Any CPU = Debug|Any CPU
		Release|Any CPU = Release|Any CPU
	EndGlobalSection
	GlobalSection(ProjectConfigurationPlatforms) = postSolution
		{35460AA4-B94A-4B64-9418-7243EC3D2F01}.Debug|Any CPU.ActiveCfg = Debug|Any CPU
		{35460AA4-B94A-4B64-9418-7243EC3D2F01}.Debug|Any CPU.Build.0 = Debug|Any CPU
		{35460AA4-B94A-4B64-9418-7243EC3D2F01}.Release|Any CPU.ActiveCfg = Release|Any CPU
		{35460AA4-B94A-4B64-9418-7243EC3D2F01}.Release|Any CPU.Build.0 = Release|Any CPU
		{F5F2713F-5087-44B2-8AAA-13B9C9DB1FF4}.Debug|Any CPU.ActiveCfg = Debug|Any CPU
		{F5F2713F-5087-44B2-8AAA-13B9C9DB1FF4}.Debug|Any CPU.Build.0 = Debug|Any CPU
		{F5F2713F-5087-44B2-8AAA-13B9C9DB1FF4}.Release|Any CPU.ActiveCfg = Release|Any CPU
		{F5F2713F-5087-44B2-8AAA-13B9C9DB1FF4}.Release|Any CPU.Build.0 = Release|Any CPU
		{843FB055-A272-4900-BC89-8C2013181486}.Debug|Any CPU.ActiveCfg = Debug|Any CPU
		{843FB055-A272-4900-BC89-8C2013181486}.Debug|Any CPU.Build.0 = Debug|Any CPU
		{843FB055-A272-4900-BC89-8C2013181486}.Release|Any CPU.ActiveCfg = Release|Any CPU
		{843FB055-A272-4900-BC89-8C2013181486}.Release|Any CPU.Build.0 = Release|Any CPU
		{71B184B0-2FD3-4B70-A8FA-572F4DB83BBF}.Debug|Any CPU.ActiveCfg = Debug|Any CPU
		{71B184B0-2FD3-4B70-A8FA-572F4DB83BBF}.Debug|Any CPU.Build.0 = Debug|Any CPU
		{71B184B0-2FD3-4B70-A8FA-572F4DB83BBF}.Release|Any CPU.ActiveCfg = Release|Any CPU
		{71B184B0-2FD3-4B70-A8FA-572F4DB83BBF}.Release|Any CPU.Build.0 = Release|Any CPU
		{A7CC43AF-360A-46F8-8C89-22C30FAA1528}.Debug|Any CPU.ActiveCfg = Debug|Any CPU
		{A7CC43AF-360A-46F8-8C89-22C30FAA1528}.Debug|Any CPU.Build.0 = Debug|Any CPU
		{A7CC43AF-360A-46F8-8C89-22C30FAA1528}.Release|Any CPU.ActiveCfg = Release|Any CPU
		{A7CC43AF-360A-46F8-8C89-22C30FAA1528}.Release|Any CPU.Build.0 = Release|Any CPU
		{D6A65898-1491-4F99-92EA-147100CB76E4}.Debug|Any CPU.ActiveCfg = Debug|Any CPU
		{D6A65898-1491-4F99-92EA-147100CB76E4}.Debug|Any CPU.Build.0 = Debug|Any CPU
		{D6A65898-1491-4F99-92EA-147100CB76E4}.Release|Any CPU.ActiveCfg = Release|Any CPU
		{D6A65898-1491-4F99-92EA-147100CB76E4}.Release|Any CPU.Build.0 = Release|Any CPU
		{5F32D0A1-773F-4C43-B542-CA5399524679}.Debug|Any CPU.ActiveCfg = Debug|Any CPU
		{5F32D0A1-773F-4C43-B542-CA5399524679}.Debug|Any CPU.Build.0 = Debug|Any CPU
		{5F32D0A1-773F-4C43-B542-CA5399524679}.Release|Any CPU.ActiveCfg = Release|Any CPU
		{5F32D0A1-773F-4C43-B542-CA5399524679}.Release|Any CPU.Build.0 = Release|Any CPU
		{012DA32F-A166-4BA4-88CC-05D35354D5AB}.Debug|Any CPU.ActiveCfg = Debug|Any CPU
		{012DA32F-A166-4BA4-88CC-05D35354D5AB}.Debug|Any CPU.Build.0 = Debug|Any CPU
		{012DA32F-A166-4BA4-88CC-05D35354D5AB}.Release|Any CPU.ActiveCfg = Release|Any CPU
		{012DA32F-A166-4BA4-88CC-05D35354D5AB}.Release|Any CPU.Build.0 = Release|Any CPU
		{94E876C5-76D4-417C-8327-9BCED45AD40D}.Debug|Any CPU.ActiveCfg = Debug|Any CPU
		{94E876C5-76D4-417C-8327-9BCED45AD40D}.Debug|Any CPU.Build.0 = Debug|Any CPU
		{94E876C5-76D4-417C-8327-9BCED45AD40D}.Release|Any CPU.ActiveCfg = Release|Any CPU
		{94E876C5-76D4-417C-8327-9BCED45AD40D}.Release|Any CPU.Build.0 = Release|Any CPU
	EndGlobalSection
	GlobalSection(SolutionProperties) = preSolution
		HideSolutionNode = FALSE
	EndGlobalSection
EndGlobal
